# This file is generated by running "yarn install" inside your project.
# Manual changes might be lost - proceed with caution!

__metadata:
  version: 4
  cacheKey: 7

"asynckit@npm:^0.4.0":
  version: 0.4.0
  resolution: "asynckit@npm:0.4.0"
  checksum: a024000b9ddd938e2f27b3cb8188f96a5e1fff58185e98b84862fc4e01de279a547874a800340c2b106bb9de9b0fc61c6c683bc6892abf65e6be29a96addafd3
  languageName: node
  linkType: hard

"call-bind@npm:^1.0.0":
  version: 1.0.2
  resolution: "call-bind@npm:1.0.2"
  dependencies:
    function-bind: ^1.1.1
    get-intrinsic: ^1.0.2
  checksum: 18cc6107a1f028247f2b505dae73ad1c63b737addfcd43ff75159f072c5c827300c1fb66f26ee0ec70fc2fdd005ce68d65c05a2a34b74bab08c3b1921954ada9
  languageName: node
  linkType: hard

"combined-stream@npm:^1.0.8":
  version: 1.0.8
  resolution: "combined-stream@npm:1.0.8"
  dependencies:
    delayed-stream: ~1.0.0
  checksum: 5791ce7944530f0db74a97e77ea28b6fdbf89afcf038e41d6b4195019c4c803cd19ed2905a54959e5b3830d50bd5d6f93c681c6d3aaea8614ad43b48e62e9d65
  languageName: node
  linkType: hard

"component-emitter@npm:^1.3.0":
  version: 1.3.0
  resolution: "component-emitter@npm:1.3.0"
  checksum: fc4edbf1014f0aed88dcec33ca02d2938734e428423f640d8a3f94975615b8e8c506c19e29b93949637c5a281353e75fa79e299e0d57732f42a9fe346cb2cad6
  languageName: node
  linkType: hard

"cookiejar@npm:^2.1.2":
  version: 2.1.2
  resolution: "cookiejar@npm:2.1.2"
  checksum: 4c733c15c190798bc1fb724f3044959cabc1565dee7dfc00f99219c7a4189b21cc243ccab52e0708994923f684189a4afa6b01b6b157f8c99273f1001602ac6f
  languageName: node
  linkType: hard

"debug@npm:^4.1.1":
  version: 4.3.2
  resolution: "debug@npm:4.3.2"
  dependencies:
    ms: 2.1.2
  peerDependenciesMeta:
    supports-color:
      optional: true
  checksum: 5543570879e2274f6725d4285a034d6e0822d35faefc6f55965933fb440e8c21eb3a0bef934e66f4b6b491f898ee2de37cab980e9d4fd61372136c19d3ce4527
  languageName: node
  linkType: hard

"delayed-stream@npm:~1.0.0":
  version: 1.0.0
  resolution: "delayed-stream@npm:1.0.0"
  checksum: d9dfb0a7c79fd308fada9db2cf29d1ff22047ceb50dd78f7e3c173567909b438f418259cb76a6d9c9f513e88ef41d3a14154f618741ec8368c3efeff616d0c9f
  languageName: node
  linkType: hard

"fast-safe-stringify@npm:^2.0.7":
  version: 2.0.8
  resolution: "fast-safe-stringify@npm:2.0.8"
  checksum: 2198ef6c4917ac6ad7a3cff8b80abc2762c89a0c700548459288fce45598a2488c0ae393cd456b4212a8259fed9d1630303106efe4ae3b1c35dab2fb66526cdd
  languageName: node
  linkType: hard

"form-data@npm:^3.0.0":
  version: 3.0.1
  resolution: "form-data@npm:3.0.1"
  dependencies:
    asynckit: ^0.4.0
    combined-stream: ^1.0.8
    mime-types: ^2.1.12
  checksum: 6574ff4d2d845c47ba288151a6e0573767eefdee9da358be199e0f0b66aa5c454e7d62ed5e0daef6f84167ba1e9596e064f36f206488e460ef449ef7b653cdfc
  languageName: node
  linkType: hard

"formidable@npm:^1.2.2":
  version: 1.2.2
  resolution: "formidable@npm:1.2.2"
  checksum: 9fe5ef38d5881ac16cc8ca78bd3229fbf32b10e0fd3b718ec20f86ea1de7302aa0ffcfa9a9163cec02fc3f825faf9d0533f24539bb20ae6d73b580b526c25edb
  languageName: node
  linkType: hard

"function-bind@npm:^1.1.1":
  version: 1.1.1
  resolution: "function-bind@npm:1.1.1"
  checksum: ffad86e7d2010ba179aaa6a3987d2cc0ed48fa92d27f1ed84bfa06d14f77deeed5bfbae7f00bdebc0c54218392cab2b18ecc080e2c72f592431927b87a27d42b
  languageName: node
  linkType: hard

"get-intrinsic@npm:^1.0.2":
  version: 1.1.1
  resolution: "get-intrinsic@npm:1.1.1"
  dependencies:
    function-bind: ^1.1.1
    has: ^1.0.3
    has-symbols: ^1.0.1
  checksum: acf1506f25a32a194cfc5c19d33835756080d970eb6e29a8a3852380106df981acef7bb9ac2002689437235221f24bcbdc1e3532b9bcacd7ff3621091fafe607
  languageName: node
  linkType: hard

"has-symbols@npm:^1.0.1":
  version: 1.0.2
  resolution: "has-symbols@npm:1.0.2"
  checksum: 1b73928752fa9ca993fa48f7b3832c95ea408c0ec635b2d6cbaf011b94a7e6a704a9254ae6d8ecc913d4dd92f2ff760dc43aad7c7e790ddb3f627005614d8e28
  languageName: node
  linkType: hard

"has@npm:^1.0.3":
  version: 1.0.3
  resolution: "has@npm:1.0.3"
  dependencies:
    function-bind: ^1.1.1
  checksum: c686e15300d41364486c099a9259d9c418022c294244843dcd712c4c286ff839d4f23a25413baa28c4d2c1e828afc2aaab70f685400b391533980223c71fa1ca
  languageName: node
  linkType: hard

"inherits@npm:^2.0.3":
  version: 2.0.4
  resolution: "inherits@npm:2.0.4"
  checksum: 98426da247ddfc3dcd7d7daedd90c3ca32d5b08deca08949726f12d49232aef94772a07b36cf4ff833e105ae2ef931777f6de4a6dd8245a216b9299ad4a50bea
  languageName: node
  linkType: hard

"lru-cache@npm:^6.0.0":
  version: 6.0.0
  resolution: "lru-cache@npm:6.0.0"
  dependencies:
    yallist: ^4.0.0
  checksum: b8b78353d2391c0f135cdc245c4744ad41c2efb1a6d98f31bc57a2cf48ebf02de96e4876657c3026673576bf1f1f61fc3fdd77ab00ad1ead737537bf17d8019d
  languageName: node
  linkType: hard

"methods@npm:^1.1.2":
  version: 1.1.2
  resolution: "methods@npm:1.1.2"
  checksum: 450e4ea0fd4a0f3de8c0593d753c7d6c8f2ee49766f5ef35c68cc2ac41699d5e295b7d6330fc2b7271b8569a07857e3eb0b5df0599a353c5808265b4b5066168
  languageName: node
  linkType: hard

"mime-db@npm:1.49.0":
  version: 1.49.0
  resolution: "mime-db@npm:1.49.0"
  checksum: c5ac8ff35fad969136dd07da73dc5d13a121a9e444954a9f4afb7ebf988989f5a502e35c29ac8a590276f7d0443330d0014cfbbc98eaffc487c3b7c5b005af60
  languageName: node
  linkType: hard

"mime-types@npm:^2.1.12":
  version: 2.1.32
  resolution: "mime-types@npm:2.1.32"
  dependencies:
    mime-db: 1.49.0
  checksum: 91addbdc0c2a91bb142ecfe13bffe6b1d41f2ec12931756c54c9d85737f022f507d1e5a441ec50c21d59ae8e6f2a118a55a7f6d8467d49fe06ef6d25151d9657
  languageName: node
  linkType: hard

"mime@npm:^2.4.6":
  version: 2.5.2
  resolution: "mime@npm:2.5.2"
  bin:
    mime: cli.js
  checksum: 3e5377f0a1891350247699c5fff0469752a35d5c0baeb7cbee86907c143215ee8621d17c17401f10ffe020a0b327aa503b98cb7340039fce69bc465aed414fb7
  languageName: node
  linkType: hard

"ms@npm:2.1.2":
  version: 2.1.2
  resolution: "ms@npm:2.1.2"
  checksum: 9b65fb709bc30c0c07289dcbdb61ca032acbb9ea5698b55fa62e2cebb04c5953f1876a1f3f7f4bc2e91d4bf4d86003f3e207c3bc6ee2f716f99827e62389cd0e
  languageName: node
  linkType: hard

"object-inspect@npm:^1.9.0":
  version: 1.11.0
  resolution: "object-inspect@npm:1.11.0"
  checksum: 7890688465619b0947d4370c82d7454cbca855012facb0e1083eb9c44f35718a3479f06887a0acf72b1f181930151a465e899bc16127f7d8c5fb2eee0c61c093
  languageName: node
  linkType: hard

"qs@npm:^6.9.4":
  version: 6.10.1
  resolution: "qs@npm:6.10.1"
  dependencies:
    side-channel: ^1.0.4
  checksum: 25e50a9107322027a998ba4eacec3df4b575c4f0a02cf0602002242d09ac997ab783384b6e90d6264a4d8387de3d17fb177d9c304a0dd9ec706a3087a069b204
  languageName: node
  linkType: hard

"readable-stream@npm:^3.6.0":
  version: 3.6.0
  resolution: "readable-stream@npm:3.6.0"
  dependencies:
    inherits: ^2.0.3
    string_decoder: ^1.1.1
    util-deprecate: ^1.0.1
  checksum: f178b1daa80d9e58ebba71dbb08486430aa6f0dea3a22a1b7401f3f6983077d0bc0edea43099db06b8d006c9ad48d6383e8fb72c05d5b187670aeaf1b9b44f00
  languageName: node
  linkType: hard

"safe-buffer@npm:~5.2.0":
  version: 5.2.1
  resolution: "safe-buffer@npm:5.2.1"
  checksum: 0bb57f0d8f9d1fa4fe35ad8a2db1f83a027d48f2822d59ede88fd5cd4ddad83c0b497213feb7a70fbf90597a70c5217f735b0eb1850df40ce9b4ae81dd22b3f9
  languageName: node
  linkType: hard

"semver@npm:^7.3.2":
  version: 7.3.5
  resolution: "semver@npm:7.3.5"
  dependencies:
    lru-cache: ^6.0.0
  bin:
    semver: bin/semver.js
  checksum: c53624ddf4b9779bcbf55a1eb8b37074cc44bfeca416f3cc263429408202a8a3c59b00eef8c647d697303bc39b95c022a5c61959221d3814bfb1270ff7c14986
  languageName: node
  linkType: hard

"side-channel@npm:^1.0.4":
  version: 1.0.4
  resolution: "side-channel@npm:1.0.4"
  dependencies:
    call-bind: ^1.0.0
    get-intrinsic: ^1.0.2
    object-inspect: ^1.9.0
  checksum: 84258ce3edb1ad35810ca17eccd52fd504b5d4da59447a6829cfd1ae8e3cff97b7df2a14f9a45b7aaa3b507ded95626cf20a500735d3b797e9ffb1eba3cfa9e7
  languageName: node
  linkType: hard

"string_decoder@npm:^1.1.1":
  version: 1.3.0
  resolution: "string_decoder@npm:1.3.0"
  dependencies:
    safe-buffer: ~5.2.0
  checksum: 0a09afb610cb538707fcf0a50a080f159040529eabdba82f23b04f1d1f90adf9ba18cc3800231c6ab2ee55dece047f4bed87c56da52b2afd85c3c7fb73eb7e48
  languageName: node
  linkType: hard

superagent@6.1.0:
  version: 6.1.0
  resolution: "superagent@npm:6.1.0"
  dependencies:
    component-emitter: ^1.3.0
    cookiejar: ^2.1.2
    debug: ^4.1.1
    fast-safe-stringify: ^2.0.7
    form-data: ^3.0.0
    formidable: ^1.2.2
    methods: ^1.1.2
    mime: ^2.4.6
    qs: ^6.9.4
    readable-stream: ^3.6.0
    semver: ^7.3.2
  checksum: bc21d32d9dd1dd0e33df5f5e112e6796b010ae08d4402d61cc232de6204c8fb5aaa04ed717873c217e033fc80e7c2578aa4f1b607feec54627a5f724805c1e5b
  languageName: node
  linkType: hard

"superagent@patch:superagent@6.1.0#patches/superagent.patch::locator=yarnpatch1%40workspace%3A.":
  version: 6.1.0
  resolution: "superagent@patch:superagent@npm%3A6.1.0#patches/superagent.patch::version=6.1.0&hash=84d5ae&locator=yarnpatch1%40workspace%3A."
  dependencies:
    component-emitter: ^1.3.0
    cookiejar: ^2.1.2
    debug: ^4.1.1
    fast-safe-stringify: ^2.0.7
    form-data: ^3.0.0
    formidable: ^1.2.2
    methods: ^1.1.2
    mime: ^2.4.6
    qs: ^6.9.4
    readable-stream: ^3.6.0
    semver: ^7.3.2
  checksum: c3d401dcc99e9419d3a9b4e551eaca75bf16d6a99803d00f0cc52cce8cdc94dbbe46279caaff0b6bed5564803d9563c9a99f3ef5ec64423f7e7e12ccc36f1247
  languageName: node
  linkType: hard

"util-deprecate@npm:^1.0.1":
  version: 1.0.2
  resolution: "util-deprecate@npm:1.0.2"
  checksum: 73c2b1cf0210ccac300645384d8443cabbd93194117b2dc1b3bae8d8279ad39aedac857e020c4ea505e96a1045059c7359db3df6a9df0be6b8584166c9d61dc9
  languageName: node
  linkType: hard

"yallist@npm:^4.0.0":
  version: 4.0.0
  resolution: "yallist@npm:4.0.0"
  checksum: a2960ef879af6ee67a76cae29bac9d8bffeb6e9e366c217dbd21464e7fce071933705544724f47e90ba5209cf9c83c17d5582dd04415d86747a826b2a231efb8
  languageName: node
  linkType: hard

"yarnpatch1@workspace:.":
  version: 0.0.0-use.local
  resolution: "yarnpatch1@workspace:."
  dependencies:
    superagent: "patch:superagent@6.1.0#patches/superagent.patch"
  languageName: unknown
  linkType: soft
